
Microsoft Visual Studio Solution File, Format Version 15.00
# Visual Studio 15
Project("{FAE04EC0-301F-11D3-BF4B-00C04F79EFBC}") = "HelloWorld", "HelloWorld.csproj", "{F919CD4F-00E7-432B-82AA-759D78454BA8}"
EndProject
Global
	GlobalSection(SolutionConfigurationPlatforms) = preSolution
		Debug|Any CPU = Debug|Any CPU
		Release|Any CPU = Release|Any CPU
	EndGlobalSection
	GlobalSection(ProjectConfigurationPlatforms) = postSolution
		{F919CD4F-00E7-432B-82AA-759D78454BA8}.Debug|Any CPU.ActiveCfg = Debug|Any CPU
		{F919CD4F-00E7-432B-82AA-759D78454BA8}.Debug|Any CPU.Build.0 = Debug|Any CPU
		{F919CD4F-00E7-432B-82AA-759D78454BA8}.Release|Any CPU.ActiveCfg = Release|Any CPU
		{F919CD4F-00E7-432B-82AA-759D78454BA8}.Release|Any CPU.Build.0 = Release|Any CPU
	EndGlobalSection
EndGlobal
